
Microsoft Visual Studio Solution File, Format Version 12.00
# Visual Studio Version 16
VisualStudioVersion = 16.0.29613.14
MinimumVisualStudioVersion = 10.0.40219.1
Project("{9A19103F-16F7-4668-BE54-9A1E7A4F7556}") = "BrainFuck Interpreter", "BrainFuck Compiler\BrainFuck Interpreter.csproj", "{2BC675C5-8325-4CE8-ACDA-67555FE5FF13}"
EndProject
Global
	GlobalSection(SolutionConfigurationPlatforms) = preSolution
		Debug|Any CPU = Debug|Any CPU
		Release|Any CPU = Release|Any CPU
	EndGlobalSection
	GlobalSection(ProjectConfigurationPlatforms) = postSolution
		{2BC675C5-8325-4CE8-ACDA-67555FE5FF13}.Debug|Any CPU.ActiveCfg = Debug|Any CPU
		{2BC675C5-8325-4CE8-ACDA-67555FE5FF13}.Debug|Any CPU.Build.0 = Debug|Any CPU
		{2BC675C5-8325-4CE8-ACDA-67555FE5FF13}.Release|Any CPU.ActiveCfg = Release|Any CPU
		{2BC675C5-8325-4CE8-ACDA-67555FE5FF13}.Release|Any CPU.Build.0 = Release|Any CPU
	EndGlobalSection
	GlobalSection(SolutionProperties) = preSolution
		HideSolutionNode = FALSE
	EndGlobalSection
	GlobalSection(ExtensibilityGlobals) = postSolution
		SolutionGuid = {5FA5A1DF-CEAF-4E9C-8017-AE186E674B48}
	EndGlobalSection
EndGlobal
